
Microsoft Visual Studio Solution File, Format Version 12.00
# Visual Studio Version 17
VisualStudioVersion = 17.10.34916.146
MinimumVisualStudioVersion = 10.0.40219.1
Project("{2150E333-8FDC-42A3-9474-1A3956D46DE8}") = "TechChallenge", "TechChallenge", "{D9936F1F-CEA2-41A3-A17C-5277173A65AA}"
EndProject
Project("{9A19103F-16F7-4668-BE54-9A1E7A4F7556}") = "TechChallenge.Domain", "TechChallenge.Domain\TechChallenge.Domain.csproj", "{7CCE1D3C-EAE7-48F3-8FBF-1A9E0792F8DC}"
EndProject
Project("{9A19103F-16F7-4668-BE54-9A1E7A4F7556}") = "TechChallenge.Domain.Model", "TechChallenge.Domain.Model\TechChallenge.Domain.Model.csproj", "{B2E7938D-61EA-4C09-A3DE-6727F68FC11D}"
EndProject
Project("{9A19103F-16F7-4668-BE54-9A1E7A4F7556}") = "TechChallenge.Tests", "TechChallenge.Tests\TechChallenge.Tests.csproj", "{CDC21DAA-6785-42F9-9D2E-4581187DC1F0}"
EndProject
Project("{9A19103F-16F7-4668-BE54-9A1E7A4F7556}") = "TechChallenge.Infra", "TechChallenge.Infra\TechChallenge.Infra.csproj", "{7AFD19F4-BAB8-49A7-A8F2-554CF951F5A1}"
EndProject
Project("{9A19103F-16F7-4668-BE54-9A1E7A4F7556}") = "TechChallenge.Api", "TechChallenge.Api\TechChallenge.Api.csproj", "{E4E6AD80-0E1E-4E7B-A00B-913D390DDDAB}"
EndProject
Project("{2150E333-8FDC-42A3-9474-1A3956D46DE8}") = "TechChallenge.Microservicos", "TechChallenge.Microservicos", "{02EA681E-C7D8-13C7-8484-4AC65E1B71E8}"
EndProject
Project("{FAE04EC0-301F-11D3-BF4B-00C04F79EFBC}") = "TechChallenge.Cadastro.Api", "TechChallenge.Cadastro.Api\TechChallenge.Cadastro.Api.csproj", "{DDA82323-0DF0-4C8D-9628-6D6EBF3734A8}"
EndProject
Project("{FAE04EC0-301F-11D3-BF4B-00C04F79EFBC}") = "TechChallenge.DAO.Api", "TechChallenge.DAO.Api\TechChallenge.DAO.Api.csproj", "{2B723F64-B1AB-4E77-9883-1739E351541D}"
EndProject
Project("{FAE04EC0-301F-11D3-BF4B-00C04F79EFBC}") = "TechChallenge.Usuarios.Api", "TechChallenge.Usuarios.Api\TechChallenge.Usuarios.Api\TechChallenge.Usuarios.Api.csproj", "{D4910DFE-0242-43E4-AE1A-763DA5644F49}"
EndProject
Project("{FAE04EC0-301F-11D3-BF4B-00C04F79EFBC}") = "TechChallenge.UnitTests", "TechChallenge.UnitTests\TechChallenge.UnitTests.csproj", "{E7A53815-A2D4-47E2-87A0-EC303FFEE9EC}"
EndProject
Project("{FAE04EC0-301F-11D3-BF4B-00C04F79EFBC}") = "TechChallenge.IntegrationTests", "TechChallenge.IntegrationTests\TechChallenge.IntegrationTests.csproj", "{AC441C93-8E44-4E8C-B71B-E11F1D72D77C}"
EndProject
Global
	GlobalSection(SolutionConfigurationPlatforms) = preSolution
		Debug|Any CPU = Debug|Any CPU
		Release|Any CPU = Release|Any CPU
	EndGlobalSection
	GlobalSection(ProjectConfigurationPlatforms) = postSolution
		{7CCE1D3C-EAE7-48F3-8FBF-1A9E0792F8DC}.Debug|Any CPU.ActiveCfg = Debug|Any CPU
		{7CCE1D3C-EAE7-48F3-8FBF-1A9E0792F8DC}.Debug|Any CPU.Build.0 = Debug|Any CPU
		{7CCE1D3C-EAE7-48F3-8FBF-1A9E0792F8DC}.Release|Any CPU.ActiveCfg = Release|Any CPU
		{7CCE1D3C-EAE7-48F3-8FBF-1A9E0792F8DC}.Release|Any CPU.Build.0 = Release|Any CPU
		{B2E7938D-61EA-4C09-A3DE-6727F68FC11D}.Debug|Any CPU.ActiveCfg = Debug|Any CPU
		{B2E7938D-61EA-4C09-A3DE-6727F68FC11D}.Debug|Any CPU.Build.0 = Debug|Any CPU
		{B2E7938D-61EA-4C09-A3DE-6727F68FC11D}.Release|Any CPU.ActiveCfg = Release|Any CPU
		{B2E7938D-61EA-4C09-A3DE-6727F68FC11D}.Release|Any CPU.Build.0 = Release|Any CPU
		{CDC21DAA-6785-42F9-9D2E-4581187DC1F0}.Debug|Any CPU.ActiveCfg = Debug|Any CPU
		{CDC21DAA-6785-42F9-9D2E-4581187DC1F0}.Debug|Any CPU.Build.0 = Debug|Any CPU
		{CDC21DAA-6785-42F9-9D2E-4581187DC1F0}.Release|Any CPU.ActiveCfg = Release|Any CPU
		{CDC21DAA-6785-42F9-9D2E-4581187DC1F0}.Release|Any CPU.Build.0 = Release|Any CPU
		{7AFD19F4-BAB8-49A7-A8F2-554CF951F5A1}.Debug|Any CPU.ActiveCfg = Debug|Any CPU
		{7AFD19F4-BAB8-49A7-A8F2-554CF951F5A1}.Debug|Any CPU.Build.0 = Debug|Any CPU
		{7AFD19F4-BAB8-49A7-A8F2-554CF951F5A1}.Release|Any CPU.ActiveCfg = Release|Any CPU
		{7AFD19F4-BAB8-49A7-A8F2-554CF951F5A1}.Release|Any CPU.Build.0 = Release|Any CPU
		{E4E6AD80-0E1E-4E7B-A00B-913D390DDDAB}.Debug|Any CPU.ActiveCfg = Debug|Any CPU
		{E4E6AD80-0E1E-4E7B-A00B-913D390DDDAB}.Debug|Any CPU.Build.0 = Debug|Any CPU
		{E4E6AD80-0E1E-4E7B-A00B-913D390DDDAB}.Release|Any CPU.ActiveCfg = Release|Any CPU
		{E4E6AD80-0E1E-4E7B-A00B-913D390DDDAB}.Release|Any CPU.Build.0 = Release|Any CPU
		{DDA82323-0DF0-4C8D-9628-6D6EBF3734A8}.Debug|Any CPU.ActiveCfg = Debug|Any CPU
		{DDA82323-0DF0-4C8D-9628-6D6EBF3734A8}.Debug|Any CPU.Build.0 = Debug|Any CPU
		{DDA82323-0DF0-4C8D-9628-6D6EBF3734A8}.Release|Any CPU.ActiveCfg = Release|Any CPU
		{DDA82323-0DF0-4C8D-9628-6D6EBF3734A8}.Release|Any CPU.Build.0 = Release|Any CPU
		{2B723F64-B1AB-4E77-9883-1739E351541D}.Debug|Any CPU.ActiveCfg = Debug|Any CPU
		{2B723F64-B1AB-4E77-9883-1739E351541D}.Debug|Any CPU.Build.0 = Debug|Any CPU
		{2B723F64-B1AB-4E77-9883-1739E351541D}.Release|Any CPU.ActiveCfg = Release|Any CPU
		{2B723F64-B1AB-4E77-9883-1739E351541D}.Release|Any CPU.Build.0 = Release|Any CPU
		{D4910DFE-0242-43E4-AE1A-763DA5644F49}.Debug|Any CPU.ActiveCfg = Debug|Any CPU
		{D4910DFE-0242-43E4-AE1A-763DA5644F49}.Debug|Any CPU.Build.0 = Debug|Any CPU
		{D4910DFE-0242-43E4-AE1A-763DA5644F49}.Release|Any CPU.ActiveCfg = Release|Any CPU
		{D4910DFE-0242-43E4-AE1A-763DA5644F49}.Release|Any CPU.Build.0 = Release|Any CPU
		{E7A53815-A2D4-47E2-87A0-EC303FFEE9EC}.Debug|Any CPU.ActiveCfg = Debug|Any CPU
		{E7A53815-A2D4-47E2-87A0-EC303FFEE9EC}.Debug|Any CPU.Build.0 = Debug|Any CPU
		{E7A53815-A2D4-47E2-87A0-EC303FFEE9EC}.Release|Any CPU.ActiveCfg = Release|Any CPU
		{E7A53815-A2D4-47E2-87A0-EC303FFEE9EC}.Release|Any CPU.Build.0 = Release|Any CPU
		{AC441C93-8E44-4E8C-B71B-E11F1D72D77C}.Debug|Any CPU.ActiveCfg = Debug|Any CPU
		{AC441C93-8E44-4E8C-B71B-E11F1D72D77C}.Debug|Any CPU.Build.0 = Debug|Any CPU
		{AC441C93-8E44-4E8C-B71B-E11F1D72D77C}.Release|Any CPU.ActiveCfg = Release|Any CPU
		{AC441C93-8E44-4E8C-B71B-E11F1D72D77C}.Release|Any CPU.Build.0 = Release|Any CPU
	EndGlobalSection
	GlobalSection(SolutionProperties) = preSolution
		HideSolutionNode = FALSE
	EndGlobalSection
	GlobalSection(NestedProjects) = preSolution
		{7CCE1D3C-EAE7-48F3-8FBF-1A9E0792F8DC} = {D9936F1F-CEA2-41A3-A17C-5277173A65AA}
		{B2E7938D-61EA-4C09-A3DE-6727F68FC11D} = {D9936F1F-CEA2-41A3-A17C-5277173A65AA}
		{CDC21DAA-6785-42F9-9D2E-4581187DC1F0} = {D9936F1F-CEA2-41A3-A17C-5277173A65AA}
		{7AFD19F4-BAB8-49A7-A8F2-554CF951F5A1} = {D9936F1F-CEA2-41A3-A17C-5277173A65AA}
		{E4E6AD80-0E1E-4E7B-A00B-913D390DDDAB} = {D9936F1F-CEA2-41A3-A17C-5277173A65AA}
		{DDA82323-0DF0-4C8D-9628-6D6EBF3734A8} = {02EA681E-C7D8-13C7-8484-4AC65E1B71E8}
		{2B723F64-B1AB-4E77-9883-1739E351541D} = {02EA681E-C7D8-13C7-8484-4AC65E1B71E8}
		{D4910DFE-0242-43E4-AE1A-763DA5644F49} = {02EA681E-C7D8-13C7-8484-4AC65E1B71E8}
		{E7A53815-A2D4-47E2-87A0-EC303FFEE9EC} = {02EA681E-C7D8-13C7-8484-4AC65E1B71E8}
		{AC441C93-8E44-4E8C-B71B-E11F1D72D77C} = {02EA681E-C7D8-13C7-8484-4AC65E1B71E8}
	EndGlobalSection
	GlobalSection(ExtensibilityGlobals) = postSolution
		SolutionGuid = {BA1537BA-5697-4157-9C82-D2C7B805FD22}
	EndGlobalSection
EndGlobal
