
Microsoft Visual Studio Solution File, Format Version 12.00
# Visual Studio Version 17
VisualStudioVersion = 17.10.34916.146
MinimumVisualStudioVersion = 10.0.40219.1
Project("{2150E333-8FDC-42A3-9474-1A3956D46DE8}") = "TechChallenge", "TechChallenge", "{D9936F1F-CEA2-41A3-A17C-5277173A65AA}"
EndProject
Project("{9A19103F-16F7-4668-BE54-9A1E7A4F7556}") = "TechChallenge.Domain", "TechChallenge.Domain\TechChallenge.Domain.csproj", "{7CCE1D3C-EAE7-48F3-8FBF-1A9E0792F8DC}"
EndProject
Project("{9A19103F-16F7-4668-BE54-9A1E7A4F7556}") = "TechChallenge.Domain.Model", "TechChallenge.Domain.Model\TechChallenge.Domain.Model.csproj", "{B2E7938D-61EA-4C09-A3DE-6727F68FC11D}"
EndProject
Project("{9A19103F-16F7-4668-BE54-9A1E7A4F7556}") = "TechChallenge.Tests", "TechChallenge.Tests\TechChallenge.Tests.csproj", "{CDC21DAA-6785-42F9-9D2E-4581187DC1F0}"
EndProject
Project("{9A19103F-16F7-4668-BE54-9A1E7A4F7556}") = "TechChallenge.Api", "..\API.Contatos\TechChallenge.Api.csproj", "{66A4766E-DD1A-4E84-AA19-6989092E0C55}"
EndProject
Project("{9A19103F-16F7-4668-BE54-9A1E7A4F7556}") = "TechChallenge.Infra", "TechChallenge.Infra\TechChallenge.Infra.csproj", "{7AFD19F4-BAB8-49A7-A8F2-554CF951F5A1}"
EndProject
Global
	GlobalSection(SolutionConfigurationPlatforms) = preSolution
		Debug|Any CPU = Debug|Any CPU
		Release|Any CPU = Release|Any CPU
	EndGlobalSection
	GlobalSection(ProjectConfigurationPlatforms) = postSolution
		{7CCE1D3C-EAE7-48F3-8FBF-1A9E0792F8DC}.Debug|Any CPU.ActiveCfg = Debug|Any CPU
		{7CCE1D3C-EAE7-48F3-8FBF-1A9E0792F8DC}.Debug|Any CPU.Build.0 = Debug|Any CPU
		{7CCE1D3C-EAE7-48F3-8FBF-1A9E0792F8DC}.Release|Any CPU.ActiveCfg = Release|Any CPU
		{7CCE1D3C-EAE7-48F3-8FBF-1A9E0792F8DC}.Release|Any CPU.Build.0 = Release|Any CPU
		{B2E7938D-61EA-4C09-A3DE-6727F68FC11D}.Debug|Any CPU.ActiveCfg = Debug|Any CPU
		{B2E7938D-61EA-4C09-A3DE-6727F68FC11D}.Debug|Any CPU.Build.0 = Debug|Any CPU
		{B2E7938D-61EA-4C09-A3DE-6727F68FC11D}.Release|Any CPU.ActiveCfg = Release|Any CPU
		{B2E7938D-61EA-4C09-A3DE-6727F68FC11D}.Release|Any CPU.Build.0 = Release|Any CPU
		{CDC21DAA-6785-42F9-9D2E-4581187DC1F0}.Debug|Any CPU.ActiveCfg = Debug|Any CPU
		{CDC21DAA-6785-42F9-9D2E-4581187DC1F0}.Debug|Any CPU.Build.0 = Debug|Any CPU
		{CDC21DAA-6785-42F9-9D2E-4581187DC1F0}.Release|Any CPU.ActiveCfg = Release|Any CPU
		{CDC21DAA-6785-42F9-9D2E-4581187DC1F0}.Release|Any CPU.Build.0 = Release|Any CPU
		{66A4766E-DD1A-4E84-AA19-6989092E0C55}.Debug|Any CPU.ActiveCfg = Debug|Any CPU
		{66A4766E-DD1A-4E84-AA19-6989092E0C55}.Debug|Any CPU.Build.0 = Debug|Any CPU
		{66A4766E-DD1A-4E84-AA19-6989092E0C55}.Release|Any CPU.ActiveCfg = Release|Any CPU
		{66A4766E-DD1A-4E84-AA19-6989092E0C55}.Release|Any CPU.Build.0 = Release|Any CPU
		{7AFD19F4-BAB8-49A7-A8F2-554CF951F5A1}.Debug|Any CPU.ActiveCfg = Debug|Any CPU
		{7AFD19F4-BAB8-49A7-A8F2-554CF951F5A1}.Debug|Any CPU.Build.0 = Debug|Any CPU
		{7AFD19F4-BAB8-49A7-A8F2-554CF951F5A1}.Release|Any CPU.ActiveCfg = Release|Any CPU
		{7AFD19F4-BAB8-49A7-A8F2-554CF951F5A1}.Release|Any CPU.Build.0 = Release|Any CPU
	EndGlobalSection
	GlobalSection(SolutionProperties) = preSolution
		HideSolutionNode = FALSE
	EndGlobalSection
	GlobalSection(NestedProjects) = preSolution
		{7CCE1D3C-EAE7-48F3-8FBF-1A9E0792F8DC} = {D9936F1F-CEA2-41A3-A17C-5277173A65AA}
		{B2E7938D-61EA-4C09-A3DE-6727F68FC11D} = {D9936F1F-CEA2-41A3-A17C-5277173A65AA}
		{CDC21DAA-6785-42F9-9D2E-4581187DC1F0} = {D9936F1F-CEA2-41A3-A17C-5277173A65AA}
		{66A4766E-DD1A-4E84-AA19-6989092E0C55} = {D9936F1F-CEA2-41A3-A17C-5277173A65AA}
		{7AFD19F4-BAB8-49A7-A8F2-554CF951F5A1} = {D9936F1F-CEA2-41A3-A17C-5277173A65AA}
	EndGlobalSection
	GlobalSection(ExtensibilityGlobals) = postSolution
		SolutionGuid = {BA1537BA-5697-4157-9C82-D2C7B805FD22}
	EndGlobalSection
EndGlobal
